
Microsoft Visual Studio Solution File, Format Version 12.00
# Visual Studio Version 17
VisualStudioVersion = 17.0.32014.148
MinimumVisualStudioVersion = 10.0.40219.1
Project("{FAE04EC0-301F-11D3-BF4B-00C04F79EFBC}") = "SeterraMapChooser", "SeterraMapChooser\SeterraMapChooser.csproj", "{292E9999-1637-4BC9-99A2-60668566677C}"
EndProject
Global
	GlobalSection(SolutionConfigurationPlatforms) = preSolution
		Debug|Any CPU = Debug|Any CPU
		Release|Any CPU = Release|Any CPU
	EndGlobalSection
	GlobalSection(ProjectConfigurationPlatforms) = postSolution
		{292E9999-1637-4BC9-99A2-60668566677C}.Debug|Any CPU.ActiveCfg = Debug|Any CPU
		{292E9999-1637-4BC9-99A2-60668566677C}.Debug|Any CPU.Build.0 = Debug|Any CPU
		{292E9999-1637-4BC9-99A2-60668566677C}.Release|Any CPU.ActiveCfg = Release|Any CPU
		{292E9999-1637-4BC9-99A2-60668566677C}.Release|Any CPU.Build.0 = Release|Any CPU
	EndGlobalSection
	GlobalSection(SolutionProperties) = preSolution
		HideSolutionNode = FALSE
	EndGlobalSection
	GlobalSection(ExtensibilityGlobals) = postSolution
		SolutionGuid = {D98407BD-5156-497F-807C-66DEA7F03B78}
	EndGlobalSection
EndGlobal
